
Microsoft Visual Studio Solution File, Format Version 12.00
# Visual Studio Version 17
VisualStudioVersion = 17.6.33815.320
MinimumVisualStudioVersion = 10.0.40219.1
Project("{9A19103F-16F7-4668-BE54-9A1E7A4F7556}") = "FacturaApp.Dominio", "FacturaApp.Dominio.csproj", "{C4B7F884-78CB-4D90-A257-0F8B9FEED0DC}"
EndProject
Project("{9A19103F-16F7-4668-BE54-9A1E7A4F7556}") = "FacturaApp.Aplicaciones", "..\FacturaApp.Aplicaciones\FacturaApp.Aplicaciones.csproj", "{709563FF-5C19-4A70-BD11-BDCF84D0118E}"
EndProject
Project("{9A19103F-16F7-4668-BE54-9A1E7A4F7556}") = "FacturaApp.Infraestructura.Datos", "..\FacturaApp.Infraestructura.Datos\FacturaApp.Infraestructura.Datos.csproj", "{610BA7D4-75E5-43EB-AE12-C085CE427D7C}"
EndProject
Project("{9A19103F-16F7-4668-BE54-9A1E7A4F7556}") = "FacturaApp.Infraestructura.API", "..\FacturaApp.Infraestructura.API\FacturaApp.Infraestructura.API.csproj", "{D318CB2C-6EA1-4A75-ACAE-CF37514E7A30}"
EndProject
Project("{FAE04EC0-301F-11D3-BF4B-00C04F79EFBC}") = "FacturaApp.Infraestructura.Frontend", "..\FacturaApp.Infraestructura.Frontend\FacturaApp.Infraestructura.Frontend.csproj", "{7D4CFA59-8B83-4F25-9E32-3C2F8F70414F}"
EndProject
Global
	GlobalSection(SolutionConfigurationPlatforms) = preSolution
		Debug|Any CPU = Debug|Any CPU
		Release|Any CPU = Release|Any CPU
	EndGlobalSection
	GlobalSection(ProjectConfigurationPlatforms) = postSolution
		{C4B7F884-78CB-4D90-A257-0F8B9FEED0DC}.Debug|Any CPU.ActiveCfg = Debug|Any CPU
		{C4B7F884-78CB-4D90-A257-0F8B9FEED0DC}.Debug|Any CPU.Build.0 = Debug|Any CPU
		{C4B7F884-78CB-4D90-A257-0F8B9FEED0DC}.Release|Any CPU.ActiveCfg = Release|Any CPU
		{C4B7F884-78CB-4D90-A257-0F8B9FEED0DC}.Release|Any CPU.Build.0 = Release|Any CPU
		{709563FF-5C19-4A70-BD11-BDCF84D0118E}.Debug|Any CPU.ActiveCfg = Debug|Any CPU
		{709563FF-5C19-4A70-BD11-BDCF84D0118E}.Debug|Any CPU.Build.0 = Debug|Any CPU
		{709563FF-5C19-4A70-BD11-BDCF84D0118E}.Release|Any CPU.ActiveCfg = Release|Any CPU
		{709563FF-5C19-4A70-BD11-BDCF84D0118E}.Release|Any CPU.Build.0 = Release|Any CPU
		{610BA7D4-75E5-43EB-AE12-C085CE427D7C}.Debug|Any CPU.ActiveCfg = Debug|Any CPU
		{610BA7D4-75E5-43EB-AE12-C085CE427D7C}.Debug|Any CPU.Build.0 = Debug|Any CPU
		{610BA7D4-75E5-43EB-AE12-C085CE427D7C}.Release|Any CPU.ActiveCfg = Release|Any CPU
		{610BA7D4-75E5-43EB-AE12-C085CE427D7C}.Release|Any CPU.Build.0 = Release|Any CPU
		{D318CB2C-6EA1-4A75-ACAE-CF37514E7A30}.Debug|Any CPU.ActiveCfg = Debug|Any CPU
		{D318CB2C-6EA1-4A75-ACAE-CF37514E7A30}.Debug|Any CPU.Build.0 = Debug|Any CPU
		{D318CB2C-6EA1-4A75-ACAE-CF37514E7A30}.Release|Any CPU.ActiveCfg = Release|Any CPU
		{D318CB2C-6EA1-4A75-ACAE-CF37514E7A30}.Release|Any CPU.Build.0 = Release|Any CPU
		{7D4CFA59-8B83-4F25-9E32-3C2F8F70414F}.Debug|Any CPU.ActiveCfg = Debug|Any CPU
		{7D4CFA59-8B83-4F25-9E32-3C2F8F70414F}.Debug|Any CPU.Build.0 = Debug|Any CPU
		{7D4CFA59-8B83-4F25-9E32-3C2F8F70414F}.Release|Any CPU.ActiveCfg = Release|Any CPU
		{7D4CFA59-8B83-4F25-9E32-3C2F8F70414F}.Release|Any CPU.Build.0 = Release|Any CPU
	EndGlobalSection
	GlobalSection(SolutionProperties) = preSolution
		HideSolutionNode = FALSE
	EndGlobalSection
	GlobalSection(ExtensibilityGlobals) = postSolution
		SolutionGuid = {26C145BE-936B-4C9D-8283-7F0EA3CD527C}
	EndGlobalSection
EndGlobal
